
Microsoft Visual Studio Solution File, Format Version 12.00
# Visual Studio Version 16
VisualStudioVersion = 16.0.30413.136
MinimumVisualStudioVersion = 10.0.40219.1
Project("{FAE04EC0-301F-11D3-BF4B-00C04F79EFBC}") = "PInventario", "PInventario\PInventario.csproj", "{ABB073CF-C77E-4BC3-A51B-9119B4A66C26}"
EndProject
Global
	GlobalSection(SolutionConfigurationPlatforms) = preSolution
		Debug|Any CPU = Debug|Any CPU
		Release|Any CPU = Release|Any CPU
	EndGlobalSection
	GlobalSection(ProjectConfigurationPlatforms) = postSolution
		{ABB073CF-C77E-4BC3-A51B-9119B4A66C26}.Debug|Any CPU.ActiveCfg = Debug|Any CPU
		{ABB073CF-C77E-4BC3-A51B-9119B4A66C26}.Debug|Any CPU.Build.0 = Debug|Any CPU
		{ABB073CF-C77E-4BC3-A51B-9119B4A66C26}.Release|Any CPU.ActiveCfg = Release|Any CPU
		{ABB073CF-C77E-4BC3-A51B-9119B4A66C26}.Release|Any CPU.Build.0 = Release|Any CPU
	EndGlobalSection
	GlobalSection(SolutionProperties) = preSolution
		HideSolutionNode = FALSE
	EndGlobalSection
	GlobalSection(ExtensibilityGlobals) = postSolution
		SolutionGuid = {505D6AC4-B084-4431-BB2E-1D299E5D7531}
	EndGlobalSection
EndGlobal
